<?xml version="1.0" encoding="utf-8"?>
<Project ToolsVersion="4.0" xmlns="http://schemas.microsoft.com/developer/msbuild/2003">
  <ItemGroup>
    <Filter Include="Source Files">
      <UniqueIdentifier>{4FC737F1-C7A5-4376-A066-2A32D752A2FF}</UniqueIdentifier>
      <Extensions>cpp;c;cc;cxx;c++;cppm;ixx;def;odl;idl;hpj;bat;asm;asmx</Extensions>
    </Filter>
    <Filter Include="Header Files">
      <UniqueIdentifier>{93995380-89BD-4b04-88EB-625FBE52EBFB}</UniqueIdentifier>
      <Extensions>h;hh;hpp;hxx;h++;hm;inl;inc;ipp;xsd</Extensions>
    </Filter>
    <Filter Include="Resource Files">
      <UniqueIdentifier>{67DA6AB6-F800-4c08-8B7A-83BB121AAD01}</UniqueIdentifier>
      <Extensions>rc;ico;cur;bmp;dlg;rc2;rct;bin;rgs;gif;jpg;jpeg;jpe;resx;tiff;tif;png;wav;mfcribbon-ms</Extensions>
    </Filter>
  </ItemGroup>
  <ItemGroup>
    <ClCompile Include="src\Main.cpp">
      <Filter>Source Files</Filter>
    </ClCompile>
    <ClCompile Include="src\Engine\BitBoardGen.cpp">
      <Filter>Source Files</Filter>
    </ClCompile>
    <ClCompile Include="src\Engine\Board.cpp">
      <Filter>Source Files</Filter>
    </ClCompile>
    <ClCompile Include="src\Engine\BoardState.cpp">
      <Filter>Source Files</Filter>
    </ClCompile>
    <ClCompile Include="src\Engine\FenParser.cpp">
      <Filter>Source Files</Filter>
    </ClCompile>
    <ClCompile Include="src\Engine\HashTable.cpp">
      <Filter>Source Files</Filter>
    </ClCompile>
    <ClCompile Include="src\Engine\Magic.cpp">
      <Filter>Source Files</Filter>
    </ClCompile>
    <ClCompile Include="src\Engine\Move.cpp">
      <Filter>Source Files</Filter>
    </ClCompile>
    <ClCompile Include="src\Engine\MoveGen.cpp">
      <Filter>Source Files</Filter>
    </ClCompile>
    <ClCompile Include="src\Engine\Perft.cpp">
      <Filter>Source Files</Filter>
    </ClCompile>
    <ClCompile Include="src\Engine\StringUtils.cpp">
      <Filter>Source Files</Filter>
    </ClCompile>
    <ClCompile Include="src\Engine\Zobrist.cpp">
      <Filter>Source Files</Filter>
    </ClCompile>
    <ClCompile Include="src\Engine\Evaluation.cpp">
      <Filter>Source Files</Filter>
    </ClCompile>
    <ClCompile Include="src\Engine\Search.cpp">
      <Filter>Source Files</Filter>
    </ClCompile>
    <ClCompile Include="src\Engine\UCI.cpp">
      <Filter>Source Files</Filter>
    </ClCompile>
    <ClCompile Include="src\NNUE\FeatureExtractor.cpp">
      <Filter>Source Files</Filter>
    </ClCompile>
    <ClCompile Include="src\NNUE\nnue_loader.cpp">
      <Filter>Source Files</Filter>
    </ClCompile>
    <ClCompile Include="src\fen_converter.cpp">
      <Filter>Source Files</Filter>
    </ClCompile>
  </ItemGroup>
  <ItemGroup>
    <ClInclude Include="includes\Engine\BitBoardGen.h">
      <Filter>Header Files</Filter>
    </ClInclude>
    <ClInclude Include="includes\Engine\Board.h">
      <Filter>Header Files</Filter>
    </ClInclude>
    <ClInclude Include="includes\Engine\BoardState.h">
      <Filter>Header Files</Filter>
    </ClInclude>
    <ClInclude Include="includes\Engine\defs.h">
      <Filter>Header Files</Filter>
    </ClInclude>
    <ClInclude Include="includes\Engine\FenParser.h">
      <Filter>Header Files</Filter>
    </ClInclude>
    <ClInclude Include="includes\Engine\HashTable.h">
      <Filter>Header Files</Filter>
    </ClInclude>
    <ClInclude Include="includes\Engine\Magic.h">
      <Filter>Header Files</Filter>
    </ClInclude>
    <ClInclude Include="includes\Engine\Move.h">
      <Filter>Header Files</Filter>
    </ClInclude>
    <ClInclude Include="includes\Engine\MoveGen.h">
      <Filter>Header Files</Filter>
    </ClInclude>
    <ClInclude Include="includes\Engine\Perft.h">
      <Filter>Header Files</Filter>
    </ClInclude>
    <ClInclude Include="includes\Engine\StringUtils.h">
      <Filter>Header Files</Filter>
    </ClInclude>
    <ClInclude Include="includes\Engine\Zobrist.h">
      <Filter>Header Files</Filter>
    </ClInclude>
    <ClInclude Include="includes\Engine\Evaluation.h">
      <Filter>Header Files</Filter>
    </ClInclude>
    <ClInclude Include="includes\Engine\Search.h">
      <Filter>Header Files</Filter>
    </ClInclude>
    <ClInclude Include="includes\Engine\UCI.h">
      <Filter>Header Files</Filter>
    </ClInclude>
    <ClInclude Include="includes\Eigen\src\AccelerateSupport\AccelerateSupport.h">
      <Filter>Header Files</Filter>
    </ClInclude>
    <ClInclude Include="includes\Eigen\src\AccelerateSupport\InternalHeaderCheck.h">
      <Filter>Header Files</Filter>
    </ClInclude>
    <ClInclude Include="includes\Eigen\src\Cholesky\InternalHeaderCheck.h">
      <Filter>Header Files</Filter>
    </ClInclude>
    <ClInclude Include="includes\Eigen\src\Cholesky\LDLT.h">
      <Filter>Header Files</Filter>
    </ClInclude>
    <ClInclude Include="includes\Eigen\src\Cholesky\LLT.h">
      <Filter>Header Files</Filter>
    </ClInclude>
    <ClInclude Include="includes\Eigen\src\Cholesky\LLT_LAPACKE.h">
      <Filter>Header Files</Filter>
    </ClInclude>
    <ClInclude Include="includes\Eigen\src\CholmodSupport\CholmodSupport.h">
      <Filter>Header Files</Filter>
    </ClInclude>
    <ClInclude Include="includes\Eigen\src\CholmodSupport\InternalHeaderCheck.h">
      <Filter>Header Files</Filter>
    </ClInclude>
    <ClInclude Include="includes\Eigen\src\Core\arch\AltiVec\Complex.h">
      <Filter>Header Files</Filter>
    </ClInclude>
    <ClInclude Include="includes\Eigen\src\Core\arch\AltiVec\MathFunctions.h">
      <Filter>Header Files</Filter>
    </ClInclude>
    <ClInclude Include="includes\Eigen\src\Core\arch\AltiVec\MatrixProduct.h">
      <Filter>Header Files</Filter>
    </ClInclude>
    <ClInclude Include="includes\Eigen\src\Core\arch\AltiVec\MatrixProductCommon.h">
      <Filter>Header Files</Filter>
    </ClInclude>
    <ClInclude Include="includes\Eigen\src\Core\arch\AltiVec\MatrixProductMMA.h">
      <Filter>Header Files</Filter>
    </ClInclude>
    <ClInclude Include="includes\Eigen\src\Core\arch\AltiVec\MatrixProductMMAbfloat16.h">
      <Filter>Header Files</Filter>
    </ClInclude>
    <ClInclude Include="includes\Eigen\src\Core\arch\AltiVec\PacketMath.h">
      <Filter>Header Files</Filter>
    </ClInclude>
    <ClInclude Include="includes\Eigen\src\Core\arch\AltiVec\TypeCasting.h">
      <Filter>Header Files</Filter>
    </ClInclude>
    <ClInclude Include="includes\Eigen\src\Core\arch\AVX\Complex.h">
      <Filter>Header Files</Filter>
    </ClInclude>
    <ClInclude Include="includes\Eigen\src\Core\arch\AVX\MathFunctions.h">
      <Filter>Header Files</Filter>
    </ClInclude>
    <ClInclude Include="includes\Eigen\src\Core\arch\AVX\PacketMath.h">
      <Filter>Header Files</Filter>
    </ClInclude>
    <ClInclude Include="includes\Eigen\src\Core\arch\AVX\TypeCasting.h">
      <Filter>Header Files</Filter>
    </ClInclude>
    <ClInclude Include="includes\Eigen\src\Core\arch\AVX512\Complex.h">
      <Filter>Header Files</Filter>
    </ClInclude>
    <ClInclude Include="includes\Eigen\src\Core\arch\AVX512\GemmKernel.h">
      <Filter>Header Files</Filter>
    </ClInclude>
    <ClInclude Include="includes\Eigen\src\Core\arch\AVX512\MathFunctions.h">
      <Filter>Header Files</Filter>
    </ClInclude>
    <ClInclude Include="includes\Eigen\src\Core\arch\AVX512\PacketMath.h">
      <Filter>Header Files</Filter>
    </ClInclude>
    <ClInclude Include="includes\Eigen\src\Core\arch\AVX512\PacketMathFP16.h">
      <Filter>Header Files</Filter>
    </ClInclude>
    <ClInclude Include="includes\Eigen\src\Core\arch\AVX512\TrsmKernel.h">
      <Filter>Header Files</Filter>
    </ClInclude>
    <ClInclude Include="includes\Eigen\src\Core\arch\AVX512\TypeCasting.h">
      <Filter>Header Files</Filter>
    </ClInclude>
    <ClInclude Include="includes\Eigen\src\Core\arch\Default\BFloat16.h">
      <Filter>Header Files</Filter>
    </ClInclude>
    <ClInclude Include="includes\Eigen\src\Core\arch\Default\ConjHelper.h">
      <Filter>Header Files</Filter>
    </ClInclude>
    <ClInclude Include="includes\Eigen\src\Core\arch\Default\GenericPacketMathFunctions.h">
      <Filter>Header Files</Filter>
    </ClInclude>
    <ClInclude Include="includes\Eigen\src\Core\arch\Default\GenericPacketMathFunctionsFwd.h">
      <Filter>Header Files</Filter>
    </ClInclude>
    <ClInclude Include="includes\Eigen\src\Core\arch\Default\Half.h">
      <Filter>Header Files</Filter>
    </ClInclude>
    <ClInclude Include="includes\Eigen\src\Core\arch\Default\Settings.h">
      <Filter>Header Files</Filter>
    </ClInclude>
    <ClInclude Include="includes\Eigen\src\Core\arch\GPU\Complex.h">
      <Filter>Header Files</Filter>
    </ClInclude>
    <ClInclude Include="includes\Eigen\src\Core\arch\GPU\MathFunctions.h">
      <Filter>Header Files</Filter>
    </ClInclude>
    <ClInclude Include="includes\Eigen\src\Core\arch\GPU\PacketMath.h">
      <Filter>Header Files</Filter>
    </ClInclude>
    <ClInclude Include="includes\Eigen\src\Core\arch\GPU\Tuple.h">
      <Filter>Header Files</Filter>
    </ClInclude>
    <ClInclude Include="includes\Eigen\src\Core\arch\GPU\TypeCasting.h">
      <Filter>Header Files</Filter>
    </ClInclude>
    <ClInclude Include="includes\Eigen\src\Core\arch\HIP\hcc\math_constants.h">
      <Filter>Header Files</Filter>
    </ClInclude>
    <ClInclude Include="includes\Eigen\src\Core\arch\HVX\PacketMath.h">
      <Filter>Header Files</Filter>
    </ClInclude>
    <ClInclude Include="includes\Eigen\src\Core\arch\LSX\Complex.h">
      <Filter>Header Files</Filter>
    </ClInclude>
    <ClInclude Include="includes\Eigen\src\Core\arch\LSX\GeneralBlockPanelKernel.h">
      <Filter>Header Files</Filter>
    </ClInclude>
    <ClInclude Include="includes\Eigen\src\Core\arch\LSX\MathFunctions.h">
      <Filter>Header Files</Filter>
    </ClInclude>
    <ClInclude Include="includes\Eigen\src\Core\arch\LSX\PacketMath.h">
      <Filter>Header Files</Filter>
    </ClInclude>
    <ClInclude Include="includes\Eigen\src\Core\arch\LSX\TypeCasting.h">
      <Filter>Header Files</Filter>
    </ClInclude>
    <ClInclude Include="includes\Eigen\src\Core\arch\MSA\Complex.h">
      <Filter>Header Files</Filter>
    </ClInclude>
    <ClInclude Include="includes\Eigen\src\Core\arch\MSA\MathFunctions.h">
      <Filter>Header Files</Filter>
    </ClInclude>
    <ClInclude Include="includes\Eigen\src\Core\arch\MSA\PacketMath.h">
      <Filter>Header Files</Filter>
    </ClInclude>
    <ClInclude Include="includes\Eigen\src\Core\arch\NEON\Complex.h">
      <Filter>Header Files</Filter>
    </ClInclude>
    <ClInclude Include="includes\Eigen\src\Core\arch\NEON\GeneralBlockPanelKernel.h">
      <Filter>Header Files</Filter>
    </ClInclude>
    <ClInclude Include="includes\Eigen\src\Core\arch\NEON\MathFunctions.h">
      <Filter>Header Files</Filter>
    </ClInclude>
    <ClInclude Include="includes\Eigen\src\Core\arch\NEON\PacketMath.h">
      <Filter>Header Files</Filter>
    </ClInclude>
    <ClInclude Include="includes\Eigen\src\Core\arch\NEON\TypeCasting.h">
      <Filter>Header Files</Filter>
    </ClInclude>
    <ClInclude Include="includes\Eigen\src\Core\arch\NEON\UnaryFunctors.h">
      <Filter>Header Files</Filter>
    </ClInclude>
    <ClInclude Include="includes\Eigen\src\Core\arch\SSE\Complex.h">
      <Filter>Header Files</Filter>
    </ClInclude>
    <ClInclude Include="includes\Eigen\src\Core\arch\SSE\MathFunctions.h">
      <Filter>Header Files</Filter>
    </ClInclude>
    <ClInclude Include="includes\Eigen\src\Core\arch\SSE\PacketMath.h">
      <Filter>Header Files</Filter>
    </ClInclude>
    <ClInclude Include="includes\Eigen\src\Core\arch\SSE\TypeCasting.h">
      <Filter>Header Files</Filter>
    </ClInclude>
    <ClInclude Include="includes\Eigen\src\Core\arch\SVE\MathFunctions.h">
      <Filter>Header Files</Filter>
    </ClInclude>
    <ClInclude Include="includes\Eigen\src\Core\arch\SVE\PacketMath.h">
      <Filter>Header Files</Filter>
    </ClInclude>
    <ClInclude Include="includes\Eigen\src\Core\arch\SVE\TypeCasting.h">
      <Filter>Header Files</Filter>
    </ClInclude>
    <ClInclude Include="includes\Eigen\src\Core\arch\SYCL\InteropHeaders.h">
      <Filter>Header Files</Filter>
    </ClInclude>
    <ClInclude Include="includes\Eigen\src\Core\arch\SYCL\MathFunctions.h">
      <Filter>Header Files</Filter>
    </ClInclude>
    <ClInclude Include="includes\Eigen\src\Core\arch\SYCL\PacketMath.h">
      <Filter>Header Files</Filter>
    </ClInclude>
    <ClInclude Include="includes\Eigen\src\Core\arch\SYCL\TypeCasting.h">
      <Filter>Header Files</Filter>
    </ClInclude>
    <ClInclude Include="includes\Eigen\src\Core\arch\ZVector\Complex.h">
      <Filter>Header Files</Filter>
    </ClInclude>
    <ClInclude Include="includes\Eigen\src\Core\arch\ZVector\MathFunctions.h">
      <Filter>Header Files</Filter>
    </ClInclude>
    <ClInclude Include="includes\Eigen\src\Core\arch\ZVector\PacketMath.h">
      <Filter>Header Files</Filter>
    </ClInclude>
    <ClInclude Include="includes\Eigen\src\Core\functors\AssignmentFunctors.h">
      <Filter>Header Files</Filter>
    </ClInclude>
    <ClInclude Include="includes\Eigen\src\Core\functors\BinaryFunctors.h">
      <Filter>Header Files</Filter>
    </ClInclude>
    <ClInclude Include="includes\Eigen\src\Core\functors\NullaryFunctors.h">
      <Filter>Header Files</Filter>
    </ClInclude>
    <ClInclude Include="includes\Eigen\src\Core\functors\StlFunctors.h">
      <Filter>Header Files</Filter>
    </ClInclude>
    <ClInclude Include="includes\Eigen\src\Core\functors\TernaryFunctors.h">
      <Filter>Header Files</Filter>
    </ClInclude>
    <ClInclude Include="includes\Eigen\src\Core\functors\UnaryFunctors.h">
      <Filter>Header Files</Filter>
    </ClInclude>
    <ClInclude Include="includes\Eigen\src\Core\products\GeneralBlockPanelKernel.h">
      <Filter>Header Files</Filter>
    </ClInclude>
    <ClInclude Include="includes\Eigen\src\Core\products\GeneralMatrixMatrix.h">
      <Filter>Header Files</Filter>
    </ClInclude>
    <ClInclude Include="includes\Eigen\src\Core\products\GeneralMatrixMatrix_BLAS.h">
      <Filter>Header Files</Filter>
    </ClInclude>
    <ClInclude Include="includes\Eigen\src\Core\products\GeneralMatrixMatrixTriangular.h">
      <Filter>Header Files</Filter>
    </ClInclude>
    <ClInclude Include="includes\Eigen\src\Core\products\GeneralMatrixMatrixTriangular_BLAS.h">
      <Filter>Header Files</Filter>
    </ClInclude>
    <ClInclude Include="includes\Eigen\src\Core\products\GeneralMatrixVector.h">
      <Filter>Header Files</Filter>
    </ClInclude>
    <ClInclude Include="includes\Eigen\src\Core\products\GeneralMatrixVector_BLAS.h">
      <Filter>Header Files</Filter>
    </ClInclude>
    <ClInclude Include="includes\Eigen\src\Core\products\Parallelizer.h">
      <Filter>Header Files</Filter>
    </ClInclude>
    <ClInclude Include="includes\Eigen\src\Core\products\SelfadjointMatrixMatrix.h">
      <Filter>Header Files</Filter>
    </ClInclude>
    <ClInclude Include="includes\Eigen\src\Core\products\SelfadjointMatrixMatrix_BLAS.h">
      <Filter>Header Files</Filter>
    </ClInclude>
    <ClInclude Include="includes\Eigen\src\Core\products\SelfadjointMatrixVector.h">
      <Filter>Header Files</Filter>
    </ClInclude>
    <ClInclude Include="includes\Eigen\src\Core\products\SelfadjointMatrixVector_BLAS.h">
      <Filter>Header Files</Filter>
    </ClInclude>
    <ClInclude Include="includes\Eigen\src\Core\products\SelfadjointProduct.h">
      <Filter>Header Files</Filter>
    </ClInclude>
    <ClInclude Include="includes\Eigen\src\Core\products\SelfadjointRank2Update.h">
      <Filter>Header Files</Filter>
    </ClInclude>
    <ClInclude Include="includes\Eigen\src\Core\products\TriangularMatrixMatrix.h">
      <Filter>Header Files</Filter>
    </ClInclude>
    <ClInclude Include="includes\Eigen\src\Core\products\TriangularMatrixMatrix_BLAS.h">
      <Filter>Header Files</Filter>
    </ClInclude>
    <ClInclude Include="includes\Eigen\src\Core\products\TriangularMatrixVector.h">
      <Filter>Header Files</Filter>
    </ClInclude>
    <ClInclude Include="includes\Eigen\src\Core\products\TriangularMatrixVector_BLAS.h">
      <Filter>Header Files</Filter>
    </ClInclude>
    <ClInclude Include="includes\Eigen\src\Core\products\TriangularSolverMatrix.h">
      <Filter>Header Files</Filter>
    </ClInclude>
    <ClInclude Include="includes\Eigen\src\Core\products\TriangularSolverMatrix_BLAS.h">
      <Filter>Header Files</Filter>
    </ClInclude>
    <ClInclude Include="includes\Eigen\src\Core\products\TriangularSolverVector.h">
      <Filter>Header Files</Filter>
    </ClInclude>
    <ClInclude Include="includes\Eigen\src\Core\util\Assert.h">
      <Filter>Header Files</Filter>
    </ClInclude>
    <ClInclude Include="includes\Eigen\src\Core\util\BlasUtil.h">
      <Filter>Header Files</Filter>
    </ClInclude>
    <ClInclude Include="includes\Eigen\src\Core\util\ConfigureVectorization.h">
      <Filter>Header Files</Filter>
    </ClInclude>
    <ClInclude Include="includes\Eigen\src\Core\util\Constants.h">
      <Filter>Header Files</Filter>
    </ClInclude>
    <ClInclude Include="includes\Eigen\src\Core\util\DisableStupidWarnings.h">
      <Filter>Header Files</Filter>
    </ClInclude>
    <ClInclude Include="includes\Eigen\src\Core\util\EmulateArray.h">
      <Filter>Header Files</Filter>
    </ClInclude>
    <ClInclude Include="includes\Eigen\src\Core\util\ForwardDeclarations.h">
      <Filter>Header Files</Filter>
    </ClInclude>
    <ClInclude Include="includes\Eigen\src\Core\util\IndexedViewHelper.h">
      <Filter>Header Files</Filter>
    </ClInclude>
    <ClInclude Include="includes\Eigen\src\Core\util\IntegralConstant.h">
      <Filter>Header Files</Filter>
    </ClInclude>
    <ClInclude Include="includes\Eigen\src\Core\util\Macros.h">
      <Filter>Header Files</Filter>
    </ClInclude>
    <ClInclude Include="includes\Eigen\src\Core\util\MaxSizeVector.h">
      <Filter>Header Files</Filter>
    </ClInclude>
    <ClInclude Include="includes\Eigen\src\Core\util\Memory.h">
      <Filter>Header Files</Filter>
    </ClInclude>
    <ClInclude Include="includes\Eigen\src\Core\util\Meta.h">
      <Filter>Header Files</Filter>
    </ClInclude>
    <ClInclude Include="includes\Eigen\src\Core\util\MKL_support.h">
      <Filter>Header Files</Filter>
    </ClInclude>
    <ClInclude Include="includes\Eigen\src\Core\util\MoreMeta.h">
      <Filter>Header Files</Filter>
    </ClInclude>
    <ClInclude Include="includes\Eigen\src\Core\util\ReenableStupidWarnings.h">
      <Filter>Header Files</Filter>
    </ClInclude>
    <ClInclude Include="includes\Eigen\src\Core\util\ReshapedHelper.h">
      <Filter>Header Files</Filter>
    </ClInclude>
    <ClInclude Include="includes\Eigen\src\Core\util\Serializer.h">
      <Filter>Header Files</Filter>
    </ClInclude>
    <ClInclude Include="includes\Eigen\src\Core\util\StaticAssert.h">
      <Filter>Header Files</Filter>
    </ClInclude>
    <ClInclude Include="includes\Eigen\src\Core\util\SymbolicIndex.h">
      <Filter>Header Files</Filter>
    </ClInclude>
    <ClInclude Include="includes\Eigen\src\Core\util\XprHelper.h">
      <Filter>Header Files</Filter>
    </ClInclude>
    <ClInclude Include="includes\Eigen\src\Core\ArithmeticSequence.h">
      <Filter>Header Files</Filter>
    </ClInclude>
    <ClInclude Include="includes\Eigen\src\Core\Array.h">
      <Filter>Header Files</Filter>
    </ClInclude>
    <ClInclude Include="includes\Eigen\src\Core\ArrayBase.h">
      <Filter>Header Files</Filter>
    </ClInclude>
    <ClInclude Include="includes\Eigen\src\Core\ArrayWrapper.h">
      <Filter>Header Files</Filter>
    </ClInclude>
    <ClInclude Include="includes\Eigen\src\Core\Assign.h">
      <Filter>Header Files</Filter>
    </ClInclude>
    <ClInclude Include="includes\Eigen\src\Core\Assign_MKL.h">
      <Filter>Header Files</Filter>
    </ClInclude>
    <ClInclude Include="includes\Eigen\src\Core\AssignEvaluator.h">
      <Filter>Header Files</Filter>
    </ClInclude>
    <ClInclude Include="includes\Eigen\src\Core\BandMatrix.h">
      <Filter>Header Files</Filter>
    </ClInclude>
    <ClInclude Include="includes\Eigen\src\Core\Block.h">
      <Filter>Header Files</Filter>
    </ClInclude>
    <ClInclude Include="includes\Eigen\src\Core\CommaInitializer.h">
      <Filter>Header Files</Filter>
    </ClInclude>
    <ClInclude Include="includes\Eigen\src\Core\ConditionEstimator.h">
      <Filter>Header Files</Filter>
    </ClInclude>
    <ClInclude Include="includes\Eigen\src\Core\CoreEvaluators.h">
      <Filter>Header Files</Filter>
    </ClInclude>
    <ClInclude Include="includes\Eigen\src\Core\CoreIterators.h">
      <Filter>Header Files</Filter>
    </ClInclude>
    <ClInclude Include="includes\Eigen\src\Core\CwiseBinaryOp.h">
      <Filter>Header Files</Filter>
    </ClInclude>
    <ClInclude Include="includes\Eigen\src\Core\CwiseNullaryOp.h">
      <Filter>Header Files</Filter>
    </ClInclude>
    <ClInclude Include="includes\Eigen\src\Core\CwiseTernaryOp.h">
      <Filter>Header Files</Filter>
    </ClInclude>
    <ClInclude Include="includes\Eigen\src\Core\CwiseUnaryOp.h">
      <Filter>Header Files</Filter>
    </ClInclude>
    <ClInclude Include="includes\Eigen\src\Core\CwiseUnaryView.h">
      <Filter>Header Files</Filter>
    </ClInclude>
    <ClInclude Include="includes\Eigen\src\Core\DenseBase.h">
      <Filter>Header Files</Filter>
    </ClInclude>
    <ClInclude Include="includes\Eigen\src\Core\DenseCoeffsBase.h">
      <Filter>Header Files</Filter>
    </ClInclude>
    <ClInclude Include="includes\Eigen\src\Core\DenseStorage.h">
      <Filter>Header Files</Filter>
    </ClInclude>
    <ClInclude Include="includes\Eigen\src\Core\DeviceWrapper.h">
      <Filter>Header Files</Filter>
    </ClInclude>
    <ClInclude Include="includes\Eigen\src\Core\Diagonal.h">
      <Filter>Header Files</Filter>
    </ClInclude>
    <ClInclude Include="includes\Eigen\src\Core\DiagonalMatrix.h">
      <Filter>Header Files</Filter>
    </ClInclude>
    <ClInclude Include="includes\Eigen\src\Core\DiagonalProduct.h">
      <Filter>Header Files</Filter>
    </ClInclude>
    <ClInclude Include="includes\Eigen\src\Core\Dot.h">
      <Filter>Header Files</Filter>
    </ClInclude>
    <ClInclude Include="includes\Eigen\src\Core\EigenBase.h">
      <Filter>Header Files</Filter>
    </ClInclude>
    <ClInclude Include="includes\Eigen\src\Core\Fill.h">
      <Filter>Header Files</Filter>
    </ClInclude>
    <ClInclude Include="includes\Eigen\src\Core\ForceAlignedAccess.h">
      <Filter>Header Files</Filter>
    </ClInclude>
    <ClInclude Include="includes\Eigen\src\Core\Fuzzy.h">
      <Filter>Header Files</Filter>
    </ClInclude>
    <ClInclude Include="includes\Eigen\src\Core\GeneralProduct.h">
      <Filter>Header Files</Filter>
    </ClInclude>
    <ClInclude Include="includes\Eigen\src\Core\GenericPacketMath.h">
      <Filter>Header Files</Filter>
    </ClInclude>
    <ClInclude Include="includes\Eigen\src\Core\GlobalFunctions.h">
      <Filter>Header Files</Filter>
    </ClInclude>
    <ClInclude Include="includes\Eigen\src\Core\IndexedView.h">
      <Filter>Header Files</Filter>
    </ClInclude>
    <ClInclude Include="includes\Eigen\src\Core\InnerProduct.h">
      <Filter>Header Files</Filter>
    </ClInclude>
    <ClInclude Include="includes\Eigen\src\Core\InternalHeaderCheck.h">
      <Filter>Header Files</Filter>
    </ClInclude>
    <ClInclude Include="includes\Eigen\src\Core\Inverse.h">
      <Filter>Header Files</Filter>
    </ClInclude>
    <ClInclude Include="includes\Eigen\src\Core\IO.h">
      <Filter>Header Files</Filter>
    </ClInclude>
    <ClInclude Include="includes\Eigen\src\Core\Map.h">
      <Filter>Header Files</Filter>
    </ClInclude>
    <ClInclude Include="includes\Eigen\src\Core\MapBase.h">
      <Filter>Header Files</Filter>
    </ClInclude>
    <ClInclude Include="includes\Eigen\src\Core\MathFunctions.h">
      <Filter>Header Files</Filter>
    </ClInclude>
    <ClInclude Include="includes\Eigen\src\Core\MathFunctionsImpl.h">
      <Filter>Header Files</Filter>
    </ClInclude>
    <ClInclude Include="includes\Eigen\src\Core\Matrix.h">
      <Filter>Header Files</Filter>
    </ClInclude>
    <ClInclude Include="includes\Eigen\src\Core\MatrixBase.h">
      <Filter>Header Files</Filter>
    </ClInclude>
    <ClInclude Include="includes\Eigen\src\Core\NestByValue.h">
      <Filter>Header Files</Filter>
    </ClInclude>
    <ClInclude Include="includes\Eigen\src\Core\NoAlias.h">
      <Filter>Header Files</Filter>
    </ClInclude>
    <ClInclude Include="includes\Eigen\src\Core\NumTraits.h">
      <Filter>Header Files</Filter>
    </ClInclude>
    <ClInclude Include="includes\Eigen\src\Core\PartialReduxEvaluator.h">
      <Filter>Header Files</Filter>
    </ClInclude>
    <ClInclude Include="includes\Eigen\src\Core\PermutationMatrix.h">
      <Filter>Header Files</Filter>
    </ClInclude>
    <ClInclude Include="includes\Eigen\src\Core\PlainObjectBase.h">
      <Filter>Header Files</Filter>
    </ClInclude>
    <ClInclude Include="includes\Eigen\src\Core\Product.h">
      <Filter>Header Files</Filter>
    </ClInclude>
    <ClInclude Include="includes\Eigen\src\Core\ProductEvaluators.h">
      <Filter>Header Files</Filter>
    </ClInclude>
    <ClInclude Include="includes\Eigen\src\Core\Random.h">
      <Filter>Header Files</Filter>
    </ClInclude>
    <ClInclude Include="includes\Eigen\src\Core\RandomImpl.h">
      <Filter>Header Files</Filter>
    </ClInclude>
    <ClInclude Include="includes\Eigen\src\Core\Redux.h">
      <Filter>Header Files</Filter>
    </ClInclude>
    <ClInclude Include="includes\Eigen\src\Core\Ref.h">
      <Filter>Header Files</Filter>
    </ClInclude>
    <ClInclude Include="includes\Eigen\src\Core\Replicate.h">
      <Filter>Header Files</Filter>
    </ClInclude>
    <ClInclude Include="includes\Eigen\src\Core\Reshaped.h">
      <Filter>Header Files</Filter>
    </ClInclude>
    <ClInclude Include="includes\Eigen\src\Core\ReturnByValue.h">
      <Filter>Header Files</Filter>
    </ClInclude>
    <ClInclude Include="includes\Eigen\src\Core\Reverse.h">
      <Filter>Header Files</Filter>
    </ClInclude>
    <ClInclude Include="includes\Eigen\src\Core\Select.h">
      <Filter>Header Files</Filter>
    </ClInclude>
    <ClInclude Include="includes\Eigen\src\Core\SelfAdjointView.h">
      <Filter>Header Files</Filter>
    </ClInclude>
    <ClInclude Include="includes\Eigen\src\Core\SelfCwiseBinaryOp.h">
      <Filter>Header Files</Filter>
    </ClInclude>
    <ClInclude Include="includes\Eigen\src\Core\SkewSymmetricMatrix3.h">
      <Filter>Header Files</Filter>
    </ClInclude>
    <ClInclude Include="includes\Eigen\src\Core\Solve.h">
      <Filter>Header Files</Filter>
    </ClInclude>
    <ClInclude Include="includes\Eigen\src\Core\SolverBase.h">
      <Filter>Header Files</Filter>
    </ClInclude>
    <ClInclude Include="includes\Eigen\src\Core\SolveTriangular.h">
      <Filter>Header Files</Filter>
    </ClInclude>
    <ClInclude Include="includes\Eigen\src\Core\StableNorm.h">
      <Filter>Header Files</Filter>
    </ClInclude>
    <ClInclude Include="includes\Eigen\src\Core\StlIterators.h">
      <Filter>Header Files</Filter>
    </ClInclude>
    <ClInclude Include="includes\Eigen\src\Core\Stride.h">
      <Filter>Header Files</Filter>
    </ClInclude>
    <ClInclude Include="includes\Eigen\src\Core\Swap.h">
      <Filter>Header Files</Filter>
    </ClInclude>
    <ClInclude Include="includes\Eigen\src\Core\Transpose.h">
      <Filter>Header Files</Filter>
    </ClInclude>
    <ClInclude Include="includes\Eigen\src\Core\Transpositions.h">
      <Filter>Header Files</Filter>
    </ClInclude>
    <ClInclude Include="includes\Eigen\src\Core\TriangularMatrix.h">
      <Filter>Header Files</Filter>
    </ClInclude>
    <ClInclude Include="includes\Eigen\src\Core\VectorBlock.h">
      <Filter>Header Files</Filter>
    </ClInclude>
    <ClInclude Include="includes\Eigen\src\Core\VectorwiseOp.h">
      <Filter>Header Files</Filter>
    </ClInclude>
    <ClInclude Include="includes\Eigen\src\Core\Visitor.h">
      <Filter>Header Files</Filter>
    </ClInclude>
    <ClInclude Include="includes\Eigen\src\Eigenvalues\ComplexEigenSolver.h">
      <Filter>Header Files</Filter>
    </ClInclude>
    <ClInclude Include="includes\Eigen\src\Eigenvalues\ComplexSchur.h">
      <Filter>Header Files</Filter>
    </ClInclude>
    <ClInclude Include="includes\Eigen\src\Eigenvalues\ComplexSchur_LAPACKE.h">
      <Filter>Header Files</Filter>
    </ClInclude>
    <ClInclude Include="includes\Eigen\src\Eigenvalues\EigenSolver.h">
      <Filter>Header Files</Filter>
    </ClInclude>
    <ClInclude Include="includes\Eigen\src\Eigenvalues\GeneralizedEigenSolver.h">
      <Filter>Header Files</Filter>
    </ClInclude>
    <ClInclude Include="includes\Eigen\src\Eigenvalues\GeneralizedSelfAdjointEigenSolver.h">
      <Filter>Header Files</Filter>
    </ClInclude>
    <ClInclude Include="includes\Eigen\src\Eigenvalues\HessenbergDecomposition.h">
      <Filter>Header Files</Filter>
    </ClInclude>
    <ClInclude Include="includes\Eigen\src\Eigenvalues\InternalHeaderCheck.h">
      <Filter>Header Files</Filter>
    </ClInclude>
    <ClInclude Include="includes\Eigen\src\Eigenvalues\MatrixBaseEigenvalues.h">
      <Filter>Header Files</Filter>
    </ClInclude>
    <ClInclude Include="includes\Eigen\src\Eigenvalues\RealQZ.h">
      <Filter>Header Files</Filter>
    </ClInclude>
    <ClInclude Include="includes\Eigen\src\Eigenvalues\RealSchur.h">
      <Filter>Header Files</Filter>
    </ClInclude>
    <ClInclude Include="includes\Eigen\src\Eigenvalues\RealSchur_LAPACKE.h">
      <Filter>Header Files</Filter>
    </ClInclude>
    <ClInclude Include="includes\Eigen\src\Eigenvalues\SelfAdjointEigenSolver.h">
      <Filter>Header Files</Filter>
    </ClInclude>
    <ClInclude Include="includes\Eigen\src\Eigenvalues\SelfAdjointEigenSolver_LAPACKE.h">
      <Filter>Header Files</Filter>
    </ClInclude>
    <ClInclude Include="includes\Eigen\src\Eigenvalues\Tridiagonalization.h">
      <Filter>Header Files</Filter>
    </ClInclude>
    <ClInclude Include="includes\Eigen\src\Geometry\arch\Geometry_SIMD.h">
      <Filter>Header Files</Filter>
    </ClInclude>
    <ClInclude Include="includes\Eigen\src\Geometry\AlignedBox.h">
      <Filter>Header Files</Filter>
    </ClInclude>
    <ClInclude Include="includes\Eigen\src\Geometry\AngleAxis.h">
      <Filter>Header Files</Filter>
    </ClInclude>
    <ClInclude Include="includes\Eigen\src\Geometry\EulerAngles.h">
      <Filter>Header Files</Filter>
    </ClInclude>
    <ClInclude Include="includes\Eigen\src\Geometry\Homogeneous.h">
      <Filter>Header Files</Filter>
    </ClInclude>
    <ClInclude Include="includes\Eigen\src\Geometry\Hyperplane.h">
      <Filter>Header Files</Filter>
    </ClInclude>
    <ClInclude Include="includes\Eigen\src\Geometry\InternalHeaderCheck.h">
      <Filter>Header Files</Filter>
    </ClInclude>
    <ClInclude Include="includes\Eigen\src\Geometry\OrthoMethods.h">
      <Filter>Header Files</Filter>
    </ClInclude>
    <ClInclude Include="includes\Eigen\src\Geometry\ParametrizedLine.h">
      <Filter>Header Files</Filter>
    </ClInclude>
    <ClInclude Include="includes\Eigen\src\Geometry\Quaternion.h">
      <Filter>Header Files</Filter>
    </ClInclude>
    <ClInclude Include="includes\Eigen\src\Geometry\Rotation2D.h">
      <Filter>Header Files</Filter>
    </ClInclude>
    <ClInclude Include="includes\Eigen\src\Geometry\RotationBase.h">
      <Filter>Header Files</Filter>
    </ClInclude>
    <ClInclude Include="includes\Eigen\src\Geometry\Scaling.h">
      <Filter>Header Files</Filter>
    </ClInclude>
    <ClInclude Include="includes\Eigen\src\Geometry\Transform.h">
      <Filter>Header Files</Filter>
    </ClInclude>
    <ClInclude Include="includes\Eigen\src\Geometry\Translation.h">
      <Filter>Header Files</Filter>
    </ClInclude>
    <ClInclude Include="includes\Eigen\src\Geometry\Umeyama.h">
      <Filter>Header Files</Filter>
    </ClInclude>
    <ClInclude Include="includes\Eigen\src\Householder\BlockHouseholder.h">
      <Filter>Header Files</Filter>
    </ClInclude>
    <ClInclude Include="includes\Eigen\src\Householder\Householder.h">
      <Filter>Header Files</Filter>
    </ClInclude>
    <ClInclude Include="includes\Eigen\src\Householder\HouseholderSequence.h">
      <Filter>Header Files</Filter>
    </ClInclude>
    <ClInclude Include="includes\Eigen\src\Householder\InternalHeaderCheck.h">
      <Filter>Header Files</Filter>
    </ClInclude>
    <ClInclude Include="includes\Eigen\src\IterativeLinearSolvers\BasicPreconditioners.h">
      <Filter>Header Files</Filter>
    </ClInclude>
    <ClInclude Include="includes\Eigen\src\IterativeLinearSolvers\BiCGSTAB.h">
      <Filter>Header Files</Filter>
    </ClInclude>
    <ClInclude Include="includes\Eigen\src\IterativeLinearSolvers\ConjugateGradient.h">
      <Filter>Header Files</Filter>
    </ClInclude>
    <ClInclude Include="includes\Eigen\src\IterativeLinearSolvers\IncompleteCholesky.h">
      <Filter>Header Files</Filter>
    </ClInclude>
    <ClInclude Include="includes\Eigen\src\IterativeLinearSolvers\IncompleteLUT.h">
      <Filter>Header Files</Filter>
    </ClInclude>
    <ClInclude Include="includes\Eigen\src\IterativeLinearSolvers\InternalHeaderCheck.h">
      <Filter>Header Files</Filter>
    </ClInclude>
    <ClInclude Include="includes\Eigen\src\IterativeLinearSolvers\IterativeSolverBase.h">
      <Filter>Header Files</Filter>
    </ClInclude>
    <ClInclude Include="includes\Eigen\src\IterativeLinearSolvers\LeastSquareConjugateGradient.h">
      <Filter>Header Files</Filter>
    </ClInclude>
    <ClInclude Include="includes\Eigen\src\IterativeLinearSolvers\SolveWithGuess.h">
      <Filter>Header Files</Filter>
    </ClInclude>
    <ClInclude Include="includes\Eigen\src\Jacobi\InternalHeaderCheck.h">
      <Filter>Header Files</Filter>
    </ClInclude>
    <ClInclude Include="includes\Eigen\src\Jacobi\Jacobi.h">
      <Filter>Header Files</Filter>
    </ClInclude>
    <ClInclude Include="includes\Eigen\src\KLUSupport\InternalHeaderCheck.h">
      <Filter>Header Files</Filter>
    </ClInclude>
    <ClInclude Include="includes\Eigen\src\KLUSupport\KLUSupport.h">
      <Filter>Header Files</Filter>
    </ClInclude>
    <ClInclude Include="includes\Eigen\src\LU\arch\InverseSize4.h">
      <Filter>Header Files</Filter>
    </ClInclude>
    <ClInclude Include="includes\Eigen\src\LU\Determinant.h">
      <Filter>Header Files</Filter>
    </ClInclude>
    <ClInclude Include="includes\Eigen\src\LU\FullPivLU.h">
      <Filter>Header Files</Filter>
    </ClInclude>
    <ClInclude Include="includes\Eigen\src\LU\InternalHeaderCheck.h">
      <Filter>Header Files</Filter>
    </ClInclude>
    <ClInclude Include="includes\Eigen\src\LU\InverseImpl.h">
      <Filter>Header Files</Filter>
    </ClInclude>
    <ClInclude Include="includes\Eigen\src\LU\PartialPivLU.h">
      <Filter>Header Files</Filter>
    </ClInclude>
    <ClInclude Include="includes\Eigen\src\LU\PartialPivLU_LAPACKE.h">
      <Filter>Header Files</Filter>
    </ClInclude>
    <ClInclude Include="includes\Eigen\src\MetisSupport\InternalHeaderCheck.h">
      <Filter>Header Files</Filter>
    </ClInclude>
    <ClInclude Include="includes\Eigen\src\MetisSupport\MetisSupport.h">
      <Filter>Header Files</Filter>
    </ClInclude>
    <ClInclude Include="includes\Eigen\src\misc\blas.h">
      <Filter>Header Files</Filter>
    </ClInclude>
    <ClInclude Include="includes\Eigen\src\misc\Image.h">
      <Filter>Header Files</Filter>
    </ClInclude>
    <ClInclude Include="includes\Eigen\src\misc\InternalHeaderCheck.h">
      <Filter>Header Files</Filter>
    </ClInclude>
    <ClInclude Include="includes\Eigen\src\misc\Kernel.h">
      <Filter>Header Files</Filter>
    </ClInclude>
    <ClInclude Include="includes\Eigen\src\misc\lapacke.h">
      <Filter>Header Files</Filter>
    </ClInclude>
    <ClInclude Include="includes\Eigen\src\misc\lapacke_helpers.h">
      <Filter>Header Files</Filter>
    </ClInclude>
    <ClInclude Include="includes\Eigen\src\misc\lapacke_mangling.h">
      <Filter>Header Files</Filter>
    </ClInclude>
    <ClInclude Include="includes\Eigen\src\misc\RealSvd2x2.h">
      <Filter>Header Files</Filter>
    </ClInclude>
    <ClInclude Include="includes\Eigen\src\OrderingMethods\Amd.h">
      <Filter>Header Files</Filter>
    </ClInclude>
    <ClInclude Include="includes\Eigen\src\OrderingMethods\Eigen_Colamd.h">
      <Filter>Header Files</Filter>
    </ClInclude>
    <ClInclude Include="includes\Eigen\src\OrderingMethods\InternalHeaderCheck.h">
      <Filter>Header Files</Filter>
    </ClInclude>
    <ClInclude Include="includes\Eigen\src\OrderingMethods\Ordering.h">
      <Filter>Header Files</Filter>
    </ClInclude>
    <ClInclude Include="includes\Eigen\src\PardisoSupport\InternalHeaderCheck.h">
      <Filter>Header Files</Filter>
    </ClInclude>
    <ClInclude Include="includes\Eigen\src\PardisoSupport\PardisoSupport.h">
      <Filter>Header Files</Filter>
    </ClInclude>
    <ClInclude Include="includes\Eigen\src\PaStiXSupport\InternalHeaderCheck.h">
      <Filter>Header Files</Filter>
    </ClInclude>
    <ClInclude Include="includes\Eigen\src\PaStiXSupport\PaStiXSupport.h">
      <Filter>Header Files</Filter>
    </ClInclude>
    <ClInclude Include="includes\Eigen\src\QR\ColPivHouseholderQR.h">
      <Filter>Header Files</Filter>
    </ClInclude>
    <ClInclude Include="includes\Eigen\src\QR\ColPivHouseholderQR_LAPACKE.h">
      <Filter>Header Files</Filter>
    </ClInclude>
    <ClInclude Include="includes\Eigen\src\QR\CompleteOrthogonalDecomposition.h">
      <Filter>Header Files</Filter>
    </ClInclude>
    <ClInclude Include="includes\Eigen\src\QR\FullPivHouseholderQR.h">
      <Filter>Header Files</Filter>
    </ClInclude>
    <ClInclude Include="includes\Eigen\src\QR\HouseholderQR.h">
      <Filter>Header Files</Filter>
    </ClInclude>
    <ClInclude Include="includes\Eigen\src\QR\HouseholderQR_LAPACKE.h">
      <Filter>Header Files</Filter>
    </ClInclude>
    <ClInclude Include="includes\Eigen\src\QR\InternalHeaderCheck.h">
      <Filter>Header Files</Filter>
    </ClInclude>
    <ClInclude Include="includes\Eigen\src\SparseCholesky\InternalHeaderCheck.h">
      <Filter>Header Files</Filter>
    </ClInclude>
    <ClInclude Include="includes\Eigen\src\SparseCholesky\SimplicialCholesky.h">
      <Filter>Header Files</Filter>
    </ClInclude>
    <ClInclude Include="includes\Eigen\src\SparseCholesky\SimplicialCholesky_impl.h">
      <Filter>Header Files</Filter>
    </ClInclude>
    <ClInclude Include="includes\Eigen\src\SparseCore\AmbiVector.h">
      <Filter>Header Files</Filter>
    </ClInclude>
    <ClInclude Include="includes\Eigen\src\SparseCore\CompressedStorage.h">
      <Filter>Header Files</Filter>
    </ClInclude>
    <ClInclude Include="includes\Eigen\src\SparseCore\ConservativeSparseSparseProduct.h">
      <Filter>Header Files</Filter>
    </ClInclude>
    <ClInclude Include="includes\Eigen\src\SparseCore\InternalHeaderCheck.h">
      <Filter>Header Files</Filter>
    </ClInclude>
    <ClInclude Include="includes\Eigen\src\SparseCore\SparseAssign.h">
      <Filter>Header Files</Filter>
    </ClInclude>
    <ClInclude Include="includes\Eigen\src\SparseCore\SparseBlock.h">
      <Filter>Header Files</Filter>
    </ClInclude>
    <ClInclude Include="includes\Eigen\src\SparseCore\SparseColEtree.h">
      <Filter>Header Files</Filter>
    </ClInclude>
    <ClInclude Include="includes\Eigen\src\SparseCore\SparseCompressedBase.h">
      <Filter>Header Files</Filter>
    </ClInclude>
    <ClInclude Include="includes\Eigen\src\SparseCore\SparseCwiseBinaryOp.h">
      <Filter>Header Files</Filter>
    </ClInclude>
    <ClInclude Include="includes\Eigen\src\SparseCore\SparseCwiseUnaryOp.h">
      <Filter>Header Files</Filter>
    </ClInclude>
    <ClInclude Include="includes\Eigen\src\SparseCore\SparseDenseProduct.h">
      <Filter>Header Files</Filter>
    </ClInclude>
    <ClInclude Include="includes\Eigen\src\SparseCore\SparseDiagonalProduct.h">
      <Filter>Header Files</Filter>
    </ClInclude>
    <ClInclude Include="includes\Eigen\src\SparseCore\SparseDot.h">
      <Filter>Header Files</Filter>
    </ClInclude>
    <ClInclude Include="includes\Eigen\src\SparseCore\SparseFuzzy.h">
      <Filter>Header Files</Filter>
    </ClInclude>
    <ClInclude Include="includes\Eigen\src\SparseCore\SparseMap.h">
      <Filter>Header Files</Filter>
    </ClInclude>
    <ClInclude Include="includes\Eigen\src\SparseCore\SparseMatrix.h">
      <Filter>Header Files</Filter>
    </ClInclude>
    <ClInclude Include="includes\Eigen\src\SparseCore\SparseMatrixBase.h">
      <Filter>Header Files</Filter>
    </ClInclude>
    <ClInclude Include="includes\Eigen\src\SparseCore\SparsePermutation.h">
      <Filter>Header Files</Filter>
    </ClInclude>
    <ClInclude Include="includes\Eigen\src\SparseCore\SparseProduct.h">
      <Filter>Header Files</Filter>
    </ClInclude>
    <ClInclude Include="includes\Eigen\src\SparseCore\SparseRedux.h">
      <Filter>Header Files</Filter>
    </ClInclude>
    <ClInclude Include="includes\Eigen\src\SparseCore\SparseRef.h">
      <Filter>Header Files</Filter>
    </ClInclude>
    <ClInclude Include="includes\Eigen\src\SparseCore\SparseSelfAdjointView.h">
      <Filter>Header Files</Filter>
    </ClInclude>
    <ClInclude Include="includes\Eigen\src\SparseCore\SparseSolverBase.h">
      <Filter>Header Files</Filter>
    </ClInclude>
    <ClInclude Include="includes\Eigen\src\SparseCore\SparseSparseProductWithPruning.h">
      <Filter>Header Files</Filter>
    </ClInclude>
    <ClInclude Include="includes\Eigen\src\SparseCore\SparseTranspose.h">
      <Filter>Header Files</Filter>
    </ClInclude>
    <ClInclude Include="includes\Eigen\src\SparseCore\SparseTriangularView.h">
      <Filter>Header Files</Filter>
    </ClInclude>
    <ClInclude Include="includes\Eigen\src\SparseCore\SparseUtil.h">
      <Filter>Header Files</Filter>
    </ClInclude>
    <ClInclude Include="includes\Eigen\src\SparseCore\SparseVector.h">
      <Filter>Header Files</Filter>
    </ClInclude>
    <ClInclude Include="includes\Eigen\src\SparseCore\SparseView.h">
      <Filter>Header Files</Filter>
    </ClInclude>
    <ClInclude Include="includes\Eigen\src\SparseCore\TriangularSolver.h">
      <Filter>Header Files</Filter>
    </ClInclude>
    <ClInclude Include="includes\Eigen\src\SparseLU\InternalHeaderCheck.h">
      <Filter>Header Files</Filter>
    </ClInclude>
    <ClInclude Include="includes\Eigen\src\SparseLU\SparseLU.h">
      <Filter>Header Files</Filter>
    </ClInclude>
    <ClInclude Include="includes\Eigen\src\SparseLU\SparseLU_column_bmod.h">
      <Filter>Header Files</Filter>
    </ClInclude>
    <ClInclude Include="includes\Eigen\src\SparseLU\SparseLU_column_dfs.h">
      <Filter>Header Files</Filter>
    </ClInclude>
    <ClInclude Include="includes\Eigen\src\SparseLU\SparseLU_copy_to_ucol.h">
      <Filter>Header Files</Filter>
    </ClInclude>
    <ClInclude Include="includes\Eigen\src\SparseLU\SparseLU_heap_relax_snode.h">
      <Filter>Header Files</Filter>
    </ClInclude>
    <ClInclude Include="includes\Eigen\src\SparseLU\SparseLU_kernel_bmod.h">
      <Filter>Header Files</Filter>
    </ClInclude>
    <ClInclude Include="includes\Eigen\src\SparseLU\SparseLU_Memory.h">
      <Filter>Header Files</Filter>
    </ClInclude>
    <ClInclude Include="includes\Eigen\src\SparseLU\SparseLU_panel_bmod.h">
      <Filter>Header Files</Filter>
    </ClInclude>
    <ClInclude Include="includes\Eigen\src\SparseLU\SparseLU_panel_dfs.h">
      <Filter>Header Files</Filter>
    </ClInclude>
    <ClInclude Include="includes\Eigen\src\SparseLU\SparseLU_pivotL.h">
      <Filter>Header Files</Filter>
    </ClInclude>
    <ClInclude Include="includes\Eigen\src\SparseLU\SparseLU_pruneL.h">
      <Filter>Header Files</Filter>
    </ClInclude>
    <ClInclude Include="includes\Eigen\src\SparseLU\SparseLU_relax_snode.h">
      <Filter>Header Files</Filter>
    </ClInclude>
    <ClInclude Include="includes\Eigen\src\SparseLU\SparseLU_Structs.h">
      <Filter>Header Files</Filter>
    </ClInclude>
    <ClInclude Include="includes\Eigen\src\SparseLU\SparseLU_SupernodalMatrix.h">
      <Filter>Header Files</Filter>
    </ClInclude>
    <ClInclude Include="includes\Eigen\src\SparseLU\SparseLU_Utils.h">
      <Filter>Header Files</Filter>
    </ClInclude>
    <ClInclude Include="includes\Eigen\src\SparseLU\SparseLUImpl.h">
      <Filter>Header Files</Filter>
    </ClInclude>
    <ClInclude Include="includes\Eigen\src\SparseQR\InternalHeaderCheck.h">
      <Filter>Header Files</Filter>
    </ClInclude>
    <ClInclude Include="includes\Eigen\src\SparseQR\SparseQR.h">
      <Filter>Header Files</Filter>
    </ClInclude>
    <ClInclude Include="includes\Eigen\src\SPQRSupport\InternalHeaderCheck.h">
      <Filter>Header Files</Filter>
    </ClInclude>
    <ClInclude Include="includes\Eigen\src\SPQRSupport\SuiteSparseQRSupport.h">
      <Filter>Header Files</Filter>
    </ClInclude>
    <ClInclude Include="includes\Eigen\src\StlSupport\details.h">
      <Filter>Header Files</Filter>
    </ClInclude>
    <ClInclude Include="includes\Eigen\src\StlSupport\StdDeque.h">
      <Filter>Header Files</Filter>
    </ClInclude>
    <ClInclude Include="includes\Eigen\src\StlSupport\StdList.h">
      <Filter>Header Files</Filter>
    </ClInclude>
    <ClInclude Include="includes\Eigen\src\StlSupport\StdVector.h">
      <Filter>Header Files</Filter>
    </ClInclude>
    <ClInclude Include="includes\Eigen\src\SuperLUSupport\InternalHeaderCheck.h">
      <Filter>Header Files</Filter>
    </ClInclude>
    <ClInclude Include="includes\Eigen\src\SuperLUSupport\SuperLUSupport.h">
      <Filter>Header Files</Filter>
    </ClInclude>
    <ClInclude Include="includes\Eigen\src\SVD\BDCSVD.h">
      <Filter>Header Files</Filter>
    </ClInclude>
    <ClInclude Include="includes\Eigen\src\SVD\BDCSVD_LAPACKE.h">
      <Filter>Header Files</Filter>
    </ClInclude>
    <ClInclude Include="includes\Eigen\src\SVD\InternalHeaderCheck.h">
      <Filter>Header Files</Filter>
    </ClInclude>
    <ClInclude Include="includes\Eigen\src\SVD\JacobiSVD.h">
      <Filter>Header Files</Filter>
    </ClInclude>
    <ClInclude Include="includes\Eigen\src\SVD\JacobiSVD_LAPACKE.h">
      <Filter>Header Files</Filter>
    </ClInclude>
    <ClInclude Include="includes\Eigen\src\SVD\SVDBase.h">
      <Filter>Header Files</Filter>
    </ClInclude>
    <ClInclude Include="includes\Eigen\src\SVD\UpperBidiagonalization.h">
      <Filter>Header Files</Filter>
    </ClInclude>
    <ClInclude Include="includes\Eigen\src\ThreadPool\Barrier.h">
      <Filter>Header Files</Filter>
    </ClInclude>
    <ClInclude Include="includes\Eigen\src\ThreadPool\CoreThreadPoolDevice.h">
      <Filter>Header Files</Filter>
    </ClInclude>
    <ClInclude Include="includes\Eigen\src\ThreadPool\EventCount.h">
      <Filter>Header Files</Filter>
    </ClInclude>
    <ClInclude Include="includes\Eigen\src\ThreadPool\ForkJoin.h">
      <Filter>Header Files</Filter>
    </ClInclude>
    <ClInclude Include="includes\Eigen\src\ThreadPool\InternalHeaderCheck.h">
      <Filter>Header Files</Filter>
    </ClInclude>
    <ClInclude Include="includes\Eigen\src\ThreadPool\NonBlockingThreadPool.h">
      <Filter>Header Files</Filter>
    </ClInclude>
    <ClInclude Include="includes\Eigen\src\ThreadPool\RunQueue.h">
      <Filter>Header Files</Filter>
    </ClInclude>
    <ClInclude Include="includes\Eigen\src\ThreadPool\ThreadCancel.h">
      <Filter>Header Files</Filter>
    </ClInclude>
    <ClInclude Include="includes\Eigen\src\ThreadPool\ThreadEnvironment.h">
      <Filter>Header Files</Filter>
    </ClInclude>
    <ClInclude Include="includes\Eigen\src\ThreadPool\ThreadLocal.h">
      <Filter>Header Files</Filter>
    </ClInclude>
    <ClInclude Include="includes\Eigen\src\ThreadPool\ThreadPoolInterface.h">
      <Filter>Header Files</Filter>
    </ClInclude>
    <ClInclude Include="includes\Eigen\src\ThreadPool\ThreadYield.h">
      <Filter>Header Files</Filter>
    </ClInclude>
    <ClInclude Include="includes\Eigen\src\UmfPackSupport\InternalHeaderCheck.h">
      <Filter>Header Files</Filter>
    </ClInclude>
    <ClInclude Include="includes\Eigen\src\UmfPackSupport\UmfPackSupport.h">
      <Filter>Header Files</Filter>
    </ClInclude>
    <ClInclude Include="includes\NNUE\FeatureExtractor.h">
      <Filter>Header Files</Filter>
    </ClInclude>
    <ClInclude Include="includes\NNUE\nnue_loader.h">
      <Filter>Header Files</Filter>
    </ClInclude>
    <ClInclude Include="includes\NNUE\nnue_weights.h">
      <Filter>Header Files</Filter>
    </ClInclude>
    <ClInclude Include="includes\NNUE\NNUEConstants.h">
      <Filter>Header Files</Filter>
    </ClInclude>
    <ClInclude Include="includes\NNUE\nnue_weights_256_e5.h">
      <Filter>Header Files</Filter>
    </ClInclude>
    <ClInclude Include="includes\NNUE\nnue_weights_256_e10.h">
      <Filter>Header Files</Filter>
    </ClInclude>
    <ClInclude Include="includes\NNUE\nnue_weights_512_e20.h">
      <Filter>Header Files</Filter>
    </ClInclude>
    <ClInclude Include="includes\NNUE\nnue_weights_1024_e1.h">
      <Filter>Header Files</Filter>
    </ClInclude>
    <ClInclude Include="includes\NNUE\nnue_weights_1024_e3.h">
      <Filter>Header Files</Filter>
    </ClInclude>
    <ClInclude Include="includes\NNUE\nnue_weights_1024_e23.h">
      <Filter>Header Files</Filter>
    </ClInclude>
    <ClInclude Include="includes\NNUE\nnue_weights_128_e10.h">
      <Filter>Header Files</Filter>
    </ClInclude>
    <ClInclude Include="includes\NNUE\nnue_weights_1024_e10.h">
      <Filter>Header Files</Filter>
    </ClInclude>
    <ClInclude Include="includes\NNUE\nnue_weights_1024_e30.h">
      <Filter>Header Files</Filter>
    </ClInclude>
  </ItemGroup>
  <ItemGroup>
    <Text Include="perft.txt" />
  </ItemGroup>
  <ItemGroup>
    <None Include="positions.fen" />
    <None Include="includes\Eigen\src\Core\arch\AltiVec\MatrixVectorProduct.inc">
      <Filter>Header Files</Filter>
    </None>
    <None Include="includes\Eigen\src\Core\arch\AVX512\TrsmUnrolls.inc">
      <Filter>Header Files</Filter>
    </None>
    <None Include="includes\Eigen\src\plugins\ArrayCwiseBinaryOps.inc">
      <Filter>Header Files</Filter>
    </None>
    <None Include="includes\Eigen\src\plugins\ArrayCwiseUnaryOps.inc">
      <Filter>Header Files</Filter>
    </None>
    <None Include="includes\Eigen\src\plugins\BlockMethods.inc">
      <Filter>Header Files</Filter>
    </None>
    <None Include="includes\Eigen\src\plugins\CommonCwiseBinaryOps.inc">
      <Filter>Header Files</Filter>
    </None>
    <None Include="includes\Eigen\src\plugins\CommonCwiseUnaryOps.inc">
      <Filter>Header Files</Filter>
    </None>
    <None Include="includes\Eigen\src\plugins\IndexedViewMethods.inc">
      <Filter>Header Files</Filter>
    </None>
    <None Include="includes\Eigen\src\plugins\InternalHeaderCheck.inc">
      <Filter>Header Files</Filter>
    </None>
    <None Include="includes\Eigen\src\plugins\MatrixCwiseBinaryOps.inc">
      <Filter>Header Files</Filter>
    </None>
    <None Include="includes\Eigen\src\plugins\MatrixCwiseUnaryOps.inc">
      <Filter>Header Files</Filter>
    </None>
    <None Include="includes\Eigen\src\plugins\ReshapedMethods.inc">
      <Filter>Header Files</Filter>
    </None>
    <None Include="includes\Eigen\AccelerateSupport" />
    <None Include="includes\Eigen\Cholesky" />
    <None Include="includes\Eigen\CholmodSupport" />
    <None Include="includes\Eigen\Core" />
    <None Include="includes\Eigen\Dense" />
    <None Include="includes\Eigen\Eigen" />
    <None Include="includes\Eigen\Eigenvalues" />
    <None Include="includes\Eigen\Geometry" />
    <None Include="includes\Eigen\Householder" />
    <None Include="includes\Eigen\IterativeLinearSolvers" />
    <None Include="includes\Eigen\Jacobi" />
    <None Include="includes\Eigen\KLUSupport" />
    <None Include="includes\Eigen\LU" />
    <None Include="includes\Eigen\MetisSupport" />
    <None Include="includes\Eigen\OrderingMethods" />
    <None Include="includes\Eigen\PardisoSupport" />
    <None Include="includes\Eigen\PaStiXSupport" />
    <None Include="includes\Eigen\QR" />
    <None Include="includes\Eigen\QtAlignedMalloc" />
    <None Include="includes\Eigen\Sparse" />
    <None Include="includes\Eigen\SparseCholesky" />
    <None Include="includes\Eigen\SparseCore" />
    <None Include="includes\Eigen\SparseLU" />
    <None Include="includes\Eigen\SparseQR" />
    <None Include="includes\Eigen\SPQRSupport" />
    <None Include="includes\Eigen\StdDeque" />
    <None Include="includes\Eigen\StdList" />
    <None Include="includes\Eigen\StdVector" />
    <None Include="includes\Eigen\SuperLUSupport" />
    <None Include="includes\Eigen\SVD" />
    <None Include="includes\Eigen\ThreadPool" />
    <None Include="includes\Eigen\UmfPackSupport" />
  </ItemGroup>
</Project>